// !$*UTF8*$!
{
	archiveVersion = 1;
	classes = {
	};
	objectVersion = 50;
	objects = {

/* Begin PBXBuildFile section */
		73813C3A20CBE37200F21111 /* AppDelegate.swift in Sources */ = {isa = PBXBuildFile; fileRef = 73813C3920CBE37200F21111 /* AppDelegate.swift */; };
		73813C3C20CBE37200F21111 /* ViewController.swift in Sources */ = {isa = PBXBuildFile; fileRef = 73813C3B20CBE37200F21111 /* ViewController.swift */; };
		73813C3F20CBE37200F21111 /* Main.storyboard in Resources */ = {isa = PBXBuildFile; fileRef = 73813C3D20CBE37200F21111 /* Main.storyboard */; };
		73813C4120CBE37300F21111 /* Assets.xcassets in Resources */ = {isa = PBXBuildFile; fileRef = 73813C4020CBE37300F21111 /* Assets.xcassets */; };
		73813C4420CBE37300F21111 /* LaunchScreen.storyboard in Resources */ = {isa = PBXBuildFile; fileRef = 73813C4220CBE37300F21111 /* LaunchScreen.storyboard */; };
		73813C4D20CBE5B500F21111 /* レトロなカメラアイコン2.png in Resources */ = {isa = PBXBuildFile; fileRef = 73813C4B20CBE5B400F21111 /* レトロなカメラアイコン2.png */; };
		73813C4E20CBE5B500F21111 /* 写真のフリーアイコン5.png in Resources */ = {isa = PBXBuildFile; fileRef = 73813C4C20CBE5B400F21111 /* 写真のフリーアイコン5.png */; };
		73813C5220CBE89000F21111 /* ゴールデンレトリバーのピクト2.png in Resources */ = {isa = PBXBuildFile; fileRef = 73813C5020CBE89000F21111 /* ゴールデンレトリバーのピクト2.png */; };
		73813C5320CBE89000F21111 /* ファミリーのアイコン.png in Resources */ = {isa = PBXBuildFile; fileRef = 73813C5120CBE89000F21111 /* ファミリーのアイコン.png */; };
		73813D4D20CFD06B00F21111 /* petCamera.swift in Sources */ = {isa = PBXBuildFile; fileRef = 73813D4C20CFD06B00F21111 /* petCamera.swift */; };
		73813DD420D21AE000F21111 /* petCollection.swift in Sources */ = {isa = PBXBuildFile; fileRef = 73813DD320D21AE000F21111 /* petCollection.swift */; };
		73813DD620D257A700F21111 /* download.jpg in Resources */ = {isa = PBXBuildFile; fileRef = 73813DD520D257A700F21111 /* download.jpg */; };
/* End PBXBuildFile section */

/* Begin PBXFileReference section */
		73813C3620CBE37200F21111 /* wankoAlbum.app */ = {isa = PBXFileReference; explicitFileType = wrapper.application; includeInIndex = 0; path = wankoAlbum.app; sourceTree = BUILT_PRODUCTS_DIR; };
		73813C3920CBE37200F21111 /* AppDelegate.swift */ = {isa = PBXFileReference; lastKnownFileType = sourcecode.swift; path = AppDelegate.swift; sourceTree = "<group>"; };
		73813C3B20CBE37200F21111 /* ViewController.swift */ = {isa = PBXFileReference; lastKnownFileType = sourcecode.swift; path = ViewController.swift; sourceTree = "<group>"; };
		73813C3E20CBE37200F21111 /* Base */ = {isa = PBXFileReference; lastKnownFileType = file.storyboard; name = Base; path = Base.lproj/Main.storyboard; sourceTree = "<group>"; };
		73813C4020CBE37300F21111 /* Assets.xcassets */ = {isa = PBXFileReference; lastKnownFileType = folder.assetcatalog; path = Assets.xcassets; sourceTree = "<group>"; };
		73813C4320CBE37300F21111 /* Base */ = {isa = PBXFileReference; lastKnownFileType = file.storyboard; name = Base; path = Base.lproj/LaunchScreen.storyboard; sourceTree = "<group>"; };
		73813C4520CBE37300F21111 /* Info.plist */ = {isa = PBXFileReference; lastKnownFileType = text.plist.xml; path = Info.plist; sourceTree = "<group>"; };
		73813C4B20CBE5B400F21111 /* レトロなカメラアイコン2.png */ = {isa = PBXFileReference; lastKnownFileType = image.png; path = "レトロなカメラアイコン2.png"; sourceTree = "<group>"; };
		73813C4C20CBE5B400F21111 /* 写真のフリーアイコン5.png */ = {isa = PBXFileReference; lastKnownFileType = image.png; path = "写真のフリーアイコン5.png"; sourceTree = "<group>"; };
		73813C5020CBE89000F21111 /* ゴールデンレトリバーのピクト2.png */ = {isa = PBXFileReference; lastKnownFileType = image.png; path = "ゴールデンレトリバーのピクト2.png"; sourceTree = "<group>"; };
		73813C5120CBE89000F21111 /* ファミリーのアイコン.png */ = {isa = PBXFileReference; lastKnownFileType = image.png; path = "ファミリーのアイコン.png"; sourceTree = "<group>"; };
		73813D4C20CFD06B00F21111 /* petCamera.swift */ = {isa = PBXFileReference; lastKnownFileType = sourcecode.swift; path = petCamera.swift; sourceTree = "<group>"; };
		73813DD320D21AE000F21111 /* petCollection.swift */ = {isa = PBXFileReference; lastKnownFileType = sourcecode.swift; name = petCollection.swift; path = ../petCollection.swift; sourceTree = "<group>"; };
		73813DD520D257A700F21111 /* download.jpg */ = {isa = PBXFileReference; lastKnownFileType = image.jpeg; path = download.jpg; sourceTree = "<group>"; };
/* End PBXFileReference section */

/* Begin PBXFrameworksBuildPhase section */
		73813C3320CBE37200F21111 /* Frameworks */ = {
			isa = PBXFrameworksBuildPhase;
			buildActionMask = 2147483647;
			files = (
			);
			runOnlyForDeploymentPostprocessing = 0;
		};
/* End PBXFrameworksBuildPhase section */

/* Begin PBXGroup section */
		73813C2D20CBE37200F21111 = {
			isa = PBXGroup;
			children = (
				73813C3820CBE37200F21111 /* wankoAlbum */,
				73813C3720CBE37200F21111 /* Products */,
			);
			sourceTree = "<group>";
		};
		73813C3720CBE37200F21111 /* Products */ = {
			isa = PBXGroup;
			children = (
				73813C3620CBE37200F21111 /* wankoAlbum.app */,
			);
			name = Products;
			sourceTree = "<group>";
		};
		73813C3820CBE37200F21111 /* wankoAlbum */ = {
			isa = PBXGroup;
			children = (
				73813C3920CBE37200F21111 /* AppDelegate.swift */,
				73813C3B20CBE37200F21111 /* ViewController.swift */,
				73813C3D20CBE37200F21111 /* Main.storyboard */,
				73813D5020CFD19700F21111 /* pets */,
				73813C4F20CBE87F00F21111 /* images */,
				73813C4020CBE37300F21111 /* Assets.xcassets */,
				73813C4220CBE37300F21111 /* LaunchScreen.storyboard */,
				73813C4520CBE37300F21111 /* Info.plist */,
			);
			path = wankoAlbum;
			sourceTree = "<group>";
		};
		73813C4F20CBE87F00F21111 /* images */ = {
			isa = PBXGroup;
			children = (
				73813C4B20CBE5B400F21111 /* レトロなカメラアイコン2.png */,
				73813DD520D257A700F21111 /* download.jpg */,
				73813C4C20CBE5B400F21111 /* 写真のフリーアイコン5.png */,
				73813C5020CBE89000F21111 /* ゴールデンレトリバーのピクト2.png */,
				73813C5120CBE89000F21111 /* ファミリーのアイコン.png */,
			);
			path = images;
			sourceTree = "<group>";
		};
		73813D5020CFD19700F21111 /* pets */ = {
			isa = PBXGroup;
			children = (
				73813DD320D21AE000F21111 /* petCollection.swift */,
				73813D4C20CFD06B00F21111 /* petCamera.swift */,
			);
			path = pets;
			sourceTree = "<group>";
		};
/* End PBXGroup section */

/* Begin PBXNativeTarget section */
		73813C3520CBE37200F21111 /* wankoAlbum */ = {
			isa = PBXNativeTarget;
			buildConfigurationList = 73813C4820CBE37300F21111 /* Build configuration list for PBXNativeTarget "wankoAlbum" */;
			buildPhases = (
				73813C3220CBE37200F21111 /* Sources */,
				73813C3320CBE37200F21111 /* Frameworks */,
				73813C3420CBE37200F21111 /* Resources */,
			);
			buildRules = (
			);
			dependencies = (
			);
			name = wankoAlbum;
			productName = wankoAlbum;
			productReference = 73813C3620CBE37200F21111 /* wankoAlbum.app */;
			productType = "com.apple.product-type.application";
		};
/* End PBXNativeTarget section */

/* Begin PBXProject section */
		73813C2E20CBE37200F21111 /* Project object */ = {
			isa = PBXProject;
			attributes = {
				LastSwiftUpdateCheck = 0940;
				LastUpgradeCheck = 0940;
				ORGANIZATIONNAME = "笹倉 一也";
				TargetAttributes = {
					73813C3520CBE37200F21111 = {
						CreatedOnToolsVersion = 9.4;
					};
				};
			};
			buildConfigurationList = 73813C3120CBE37200F21111 /* Build configuration list for PBXProject "wankoAlbum" */;
			compatibilityVersion = "Xcode 9.3";
			developmentRegion = en;
			hasScannedForEncodings = 0;
			knownRegions = (
				en,
				Base,
			);
			mainGroup = 73813C2D20CBE37200F21111;
			productRefGroup = 73813C3720CBE37200F21111 /* Products */;
			projectDirPath = "";
			projectRoot = "";
			targets = (
				73813C3520CBE37200F21111 /* wankoAlbum */,
			);
		};
/* End PBXProject section */

/* Begin PBXResourcesBuildPhase section */
		73813C3420CBE37200F21111 /* Resources */ = {
			isa = PBXResourcesBuildPhase;
			buildActionMask = 2147483647;
			files = (
				73813C4E20CBE5B500F21111 /* 写真のフリーアイコン5.png in Resources */,
				73813C4420CBE37300F21111 /* LaunchScreen.storyboard in Resources */,
				73813C5320CBE89000F21111 /* ファミリーのアイコン.png in Resources */,
				73813DD620D257A700F21111 /* download.jpg in Resources */,
				73813C4D20CBE5B500F21111 /* レトロなカメラアイコン2.png in Resources */,
				73813C4120CBE37300F21111 /* Assets.xcassets in Resources */,
				73813C5220CBE89000F21111 /* ゴールデンレトリバーのピクト2.png in Resources */,
				73813C3F20CBE37200F21111 /* Main.storyboard in Resources */,
			);
			runOnlyForDeploymentPostprocessing = 0;
		};
/* End PBXResourcesBuildPhase section */

/* Begin PBXSourcesBuildPhase section */
		73813C3220CBE37200F21111 /* Sources */ = {
			isa = PBXSourcesBuildPhase;
			buildActionMask = 2147483647;
			files = (
				73813DD420D21AE000F21111 /* petCollection.swift in Sources */,
				73813D4D20CFD06B00F21111 /* petCamera.swift in Sources */,
				73813C3C20CBE37200F21111 /* ViewController.swift in Sources */,
				73813C3A20CBE37200F21111 /* AppDelegate.swift in Sources */,
			);
			runOnlyForDeploymentPostprocessing = 0;
		};
/* End PBXSourcesBuildPhase section */

/* Begin PBXVariantGroup section */
		73813C3D20CBE37200F21111 /* Main.storyboard */ = {
			isa = PBXVariantGroup;
			children = (
				73813C3E20CBE37200F21111 /* Base */,
			);
			name = Main.storyboard;
			sourceTree = "<group>";
		};
		73813C4220CBE37300F21111 /* LaunchScreen.storyboard */ = {
			isa = PBXVariantGroup;
			children = (
				73813C4320CBE37300F21111 /* Base */,
			);
			name = LaunchScreen.storyboard;
			sourceTree = "<group>";
		};
/* End PBXVariantGroup section */

/* Begin XCBuildConfiguration section */
		73813C4620CBE37300F21111 /* Debug */ = {
			isa = XCBuildConfiguration;
			buildSettings = {
				ALWAYS_SEARCH_USER_PATHS = NO;
				CLANG_ANALYZER_NONNULL = YES;
				CLANG_ANALYZER_NUMBER_OBJECT_CONVERSION = YES_AGGRESSIVE;
				CLANG_CXX_LANGUAGE_STANDARD = "gnu++14";
				CLANG_CXX_LIBRARY = "libc++";
				CLANG_ENABLE_MODULES = YES;
				CLANG_ENABLE_OBJC_ARC = YES;
				CLANG_ENABLE_OBJC_WEAK = YES;
				CLANG_WARN_BLOCK_CAPTURE_AUTORELEASING = YES;
				CLANG_WARN_BOOL_CONVERSION = YES;
				CLANG_WARN_COMMA = YES;
				CLANG_WARN_CONSTANT_CONVERSION = YES;
				CLANG_WARN_DEPRECATED_OBJC_IMPLEMENTATIONS = YES;
				CLANG_WARN_DIRECT_OBJC_ISA_USAGE = YES_ERROR;
				CLANG_WARN_DOCUMENTATION_COMMENTS = YES;
				CLANG_WARN_EMPTY_BODY = YES;
				CLANG_WARN_ENUM_CONVERSION = YES;
				CLANG_WARN_INFINITE_RECURSION = YES;
				CLANG_WARN_INT_CONVERSION = YES;
				CLANG_WARN_NON_LITERAL_NULL_CONVERSION = YES;
				CLANG_WARN_OBJC_IMPLICIT_RETAIN_SELF = YES;
				CLANG_WARN_OBJC_LITERAL_CONVERSION = YES;
				CLANG_WARN_OBJC_ROOT_CLASS = YES_ERROR;
				CLANG_WARN_RANGE_LOOP_ANALYSIS = YES;
				CLANG_WARN_STRICT_PROTOTYPES = YES;
				CLANG_WARN_SUSPICIOUS_MOVE = YES;
				CLANG_WARN_UNGUARDED_AVAILABILITY = YES_AGGRESSIVE;
				CLANG_WARN_UNREACHABLE_CODE = YES;
				CLANG_WARN__DUPLICATE_METHOD_MATCH = YES;
				CODE_SIGN_IDENTITY = "iPhone Developer";
				COPY_PHASE_STRIP = NO;
				DEBUG_INFORMATION_FORMAT = dwarf;
				ENABLE_STRICT_OBJC_MSGSEND = YES;
				ENABLE_TESTABILITY = YES;
				GCC_C_LANGUAGE_STANDARD = gnu11;
				GCC_DYNAMIC_NO_PIC = NO;
				GCC_NO_COMMON_BLOCKS = YES;
				GCC_OPTIMIZATION_LEVEL = 0;
				GCC_PREPROCESSOR_DEFINITIONS = (
					"DEBUG=1",
					"$(inherited)",
				);
				GCC_WARN_64_TO_32_BIT_CONVERSION = YES;
				GCC_WARN_ABOUT_RETURN_TYPE = YES_ERROR;
				GCC_WARN_UNDECLARED_SELECTOR = YES;
				GCC_WARN_UNINITIALIZED_AUTOS = YES_AGGRESSIVE;
				GCC_WARN_UNUSED_FUNCTION = YES;
				GCC_WARN_UNUSED_VARIABLE = YES;
				IPHONEOS_DEPLOYMENT_TARGET = 11.4;
				MTL_ENABLE_DEBUG_INFO = YES;
				ONLY_ACTIVE_ARCH = YES;
				SDKROOT = iphoneos;
				SWIFT_ACTIVE_COMPILATION_CONDITIONS = DEBUG;
				SWIFT_OPTIMIZATION_LEVEL = "-Onone";
			};
			name = Debug;
		};
		73813C4720CBE37300F21111 /* Release */ = {
			isa = XCBuildConfiguration;
			buildSettings = {
				ALWAYS_SEARCH_USER_PATHS = NO;
				CLANG_ANALYZER_NONNULL = YES;
				CLANG_ANALYZER_NUMBER_OBJECT_CONVERSION = YES_AGGRESSIVE;
				CLANG_CXX_LANGUAGE_STANDARD = "gnu++14";
				CLANG_CXX_LIBRARY = "libc++";
				CLANG_ENABLE_MODULES = YES;
				CLANG_ENABLE_OBJC_ARC = YES;
				CLANG_ENABLE_OBJC_WEAK = YES;
				CLANG_WARN_BLOCK_CAPTURE_AUTORELEASING = YES;
				CLANG_WARN_BOOL_CONVERSION = YES;
				CLANG_WARN_COMMA = YES;
				CLANG_WARN_CONSTANT_CONVERSION = YES;
				CLANG_WARN_DEPRECATED_OBJC_IMPLEMENTATIONS = YES;
				CLANG_WARN_DIRECT_OBJC_ISA_USAGE = YES_ERROR;
				CLANG_WARN_DOCUMENTATION_COMMENTS = YES;
				CLANG_WARN_EMPTY_BODY = YES;
				CLANG_WARN_ENUM_CONVERSION = YES;
				CLANG_WARN_INFINITE_RECURSION = YES;
				CLANG_WARN_INT_CONVERSION = YES;
				CLANG_WARN_NON_LITERAL_NULL_CONVERSION = YES;
				CLANG_WARN_OBJC_IMPLICIT_RETAIN_SELF = YES;
				CLANG_WARN_OBJC_LITERAL_CONVERSION = YES;
				CLANG_WARN_OBJC_ROOT_CLASS = YES_ERROR;
				CLANG_WARN_RANGE_LOOP_ANALYSIS = YES;
				CLANG_WARN_STRICT_PROTOTYPES = YES;
				CLANG_WARN_SUSPICIOUS_MOVE = YES;
				CLANG_WARN_UNGUARDED_AVAILABILITY = YES_AGGRESSIVE;
				CLANG_WARN_UNREACHABLE_CODE = YES;
				CLANG_WARN__DUPLICATE_METHOD_MATCH = YES;
				CODE_SIGN_IDENTITY = "iPhone Developer";
				COPY_PHASE_STRIP = NO;
				DEBUG_INFORMATION_FORMAT = "dwarf-with-dsym";
				ENABLE_NS_ASSERTIONS = NO;
				ENABLE_STRICT_OBJC_MSGSEND = YES;
				GCC_C_LANGUAGE_STANDARD = gnu11;
				GCC_NO_COMMON_BLOCKS = YES;
				GCC_WARN_64_TO_32_BIT_CONVERSION = YES;
				GCC_WARN_ABOUT_RETURN_TYPE = YES_ERROR;
				GCC_WARN_UNDECLARED_SELECTOR = YES;
				GCC_WARN_UNINITIALIZED_AUTOS = YES_AGGRESSIVE;
				GCC_WARN_UNUSED_FUNCTION = YES;
				GCC_WARN_UNUSED_VARIABLE = YES;
				IPHONEOS_DEPLOYMENT_TARGET = 11.4;
				MTL_ENABLE_DEBUG_INFO = NO;
				SDKROOT = iphoneos;
				SWIFT_COMPILATION_MODE = wholemodule;
				SWIFT_OPTIMIZATION_LEVEL = "-O";
				VALIDATE_PRODUCT = YES;
			};
			name = Release;
		};
		73813C4920CBE37300F21111 /* Debug */ = {
			isa = XCBuildConfiguration;
			buildSettings = {
				ASSETCATALOG_COMPILER_APPICON_NAME = AppIcon;
				CODE_SIGN_STYLE = Automatic;
				DEVELOPMENT_TEAM = VNAV5S2KU6;
				INFOPLIST_FILE = wankoAlbum/Info.plist;
				LD_RUNPATH_SEARCH_PATHS = (
					"$(inherited)",
					"@executable_path/Frameworks",
				);
				PRODUCT_BUNDLE_IDENTIFIER = jp.88company.wankoAlbum;
				PRODUCT_NAME = "$(TARGET_NAME)";
				SWIFT_VERSION = 4.0;
				TARGETED_DEVICE_FAMILY = "1,2";
			};
			name = Debug;
		};
		73813C4A20CBE37300F21111 /* Release */ = {
			isa = XCBuildConfiguration;
			buildSettings = {
				ASSETCATALOG_COMPILER_APPICON_NAME = AppIcon;
				CODE_SIGN_STYLE = Automatic;
				DEVELOPMENT_TEAM = VNAV5S2KU6;
				INFOPLIST_FILE = wankoAlbum/Info.plist;
				LD_RUNPATH_SEARCH_PATHS = (
					"$(inherited)",
					"@executable_path/Frameworks",
				);
				PRODUCT_BUNDLE_IDENTIFIER = jp.88company.wankoAlbum;
				PRODUCT_NAME = "$(TARGET_NAME)";
				SWIFT_VERSION = 4.0;
				TARGETED_DEVICE_FAMILY = "1,2";
			};
			name = Release;
		};
/* End XCBuildConfiguration section */

/* Begin XCConfigurationList section */
		73813C3120CBE37200F21111 /* Build configuration list for PBXProject "wankoAlbum" */ = {
			isa = XCConfigurationList;
			buildConfigurations = (
				73813C4620CBE37300F21111 /* Debug */,
				73813C4720CBE37300F21111 /* Release */,
			);
			defaultConfigurationIsVisible = 0;
			defaultConfigurationName = Release;
		};
		73813C4820CBE37300F21111 /* Build configuration list for PBXNativeTarget "wankoAlbum" */ = {
			isa = XCConfigurationList;
			buildConfigurations = (
				73813C4920CBE37300F21111 /* Debug */,
				73813C4A20CBE37300F21111 /* Release */,
			);
			defaultConfigurationIsVisible = 0;
			defaultConfigurationName = Release;
		};
/* End XCConfigurationList section */
	};
	rootObject = 73813C2E20CBE37200F21111 /* Project object */;
}
